
Microsoft Visual Studio Solution File, Format Version 12.00
# Visual Studio Version 16
VisualStudioVersion = 16.0.31105.61
MinimumVisualStudioVersion = 10.0.40219.1
Project("{FAE04EC0-301F-11D3-BF4B-00C04F79EFBC}") = "LAB3 REGEX", "LAB3 REGEX\LAB3 REGEX.csproj", "{05B7D843-141D-4B3A-8AC0-68FB6A068247}"
EndProject
Project("{FAE04EC0-301F-11D3-BF4B-00C04F79EFBC}") = "Parser", "Parser\Parser.csproj", "{B0E16F15-A4A6-4DE0-A0C5-5E5B77CD627C}"
EndProject
Project("{FAE04EC0-301F-11D3-BF4B-00C04F79EFBC}") = "Visitor", "Visitor\Visitor.csproj", "{59394668-C292-4403-80DE-9604D11CDF0A}"
EndProject
Global
	GlobalSection(SolutionConfigurationPlatforms) = preSolution
		Debug|Any CPU = Debug|Any CPU
		Release|Any CPU = Release|Any CPU
	EndGlobalSection
	GlobalSection(ProjectConfigurationPlatforms) = postSolution
		{05B7D843-141D-4B3A-8AC0-68FB6A068247}.Debug|Any CPU.ActiveCfg = Debug|Any CPU
		{05B7D843-141D-4B3A-8AC0-68FB6A068247}.Debug|Any CPU.Build.0 = Debug|Any CPU
		{05B7D843-141D-4B3A-8AC0-68FB6A068247}.Release|Any CPU.ActiveCfg = Release|Any CPU
		{05B7D843-141D-4B3A-8AC0-68FB6A068247}.Release|Any CPU.Build.0 = Release|Any CPU
		{B0E16F15-A4A6-4DE0-A0C5-5E5B77CD627C}.Debug|Any CPU.ActiveCfg = Debug|Any CPU
		{B0E16F15-A4A6-4DE0-A0C5-5E5B77CD627C}.Debug|Any CPU.Build.0 = Debug|Any CPU
		{B0E16F15-A4A6-4DE0-A0C5-5E5B77CD627C}.Release|Any CPU.ActiveCfg = Release|Any CPU
		{B0E16F15-A4A6-4DE0-A0C5-5E5B77CD627C}.Release|Any CPU.Build.0 = Release|Any CPU
		{59394668-C292-4403-80DE-9604D11CDF0A}.Debug|Any CPU.ActiveCfg = Debug|Any CPU
		{59394668-C292-4403-80DE-9604D11CDF0A}.Debug|Any CPU.Build.0 = Debug|Any CPU
		{59394668-C292-4403-80DE-9604D11CDF0A}.Release|Any CPU.ActiveCfg = Release|Any CPU
		{59394668-C292-4403-80DE-9604D11CDF0A}.Release|Any CPU.Build.0 = Release|Any CPU
	EndGlobalSection
	GlobalSection(SolutionProperties) = preSolution
		HideSolutionNode = FALSE
	EndGlobalSection
	GlobalSection(ExtensibilityGlobals) = postSolution
		SolutionGuid = {6A778C5C-6A68-403C-80C0-D557A9FB4F9C}
	EndGlobalSection
EndGlobal
